
Microsoft Visual Studio Solution File, Format Version 12.00
# Visual Studio Version 16
VisualStudioVersion = 16.0.31105.61
MinimumVisualStudioVersion = 10.0.40219.1
Project("{8BC9CEB8-8B4A-11D0-8D11-00A0C91BC942}") = "Project2", "Project2.vcxproj", "{EC419372-0BAC-479C-819F-1923A15CA810}"
EndProject
Global
	GlobalSection(SolutionConfigurationPlatforms) = preSolution
		Debug|x64 = Debug|x64
		Debug|x86 = Debug|x86
		Release|x64 = Release|x64
		Release|x86 = Release|x86
	EndGlobalSection
	GlobalSection(ProjectConfigurationPlatforms) = postSolution
		{EC419372-0BAC-479C-819F-1923A15CA810}.Debug|x64.ActiveCfg = Debug|x64
		{EC419372-0BAC-479C-819F-1923A15CA810}.Debug|x64.Build.0 = Debug|x64
		{EC419372-0BAC-479C-819F-1923A15CA810}.Debug|x86.ActiveCfg = Debug|Win32
		{EC419372-0BAC-479C-819F-1923A15CA810}.Debug|x86.Build.0 = Debug|Win32
		{EC419372-0BAC-479C-819F-1923A15CA810}.Release|x64.ActiveCfg = Release|x64
		{EC419372-0BAC-479C-819F-1923A15CA810}.Release|x64.Build.0 = Release|x64
		{EC419372-0BAC-479C-819F-1923A15CA810}.Release|x86.ActiveCfg = Release|Win32
		{EC419372-0BAC-479C-819F-1923A15CA810}.Release|x86.Build.0 = Release|Win32
	EndGlobalSection
	GlobalSection(SolutionProperties) = preSolution
		HideSolutionNode = FALSE
	EndGlobalSection
	GlobalSection(ExtensibilityGlobals) = postSolution
		SolutionGuid = {2057544B-2062-49DB-B479-BBA5EFD962D8}
	EndGlobalSection
EndGlobal
